
Microsoft Visual Studio Solution File, Format Version 12.00
# Visual Studio Version 16
VisualStudioVersion = 16.0.31321.278
MinimumVisualStudioVersion = 10.0.40219.1
Project("{FAE04EC0-301F-11D3-BF4B-00C04F79EFBC}") = "Project7", "Project7.csproj", "{D464E09E-0F18-4E2C-97F8-F8CBADDAE9E8}"
EndProject
Global
	GlobalSection(SolutionConfigurationPlatforms) = preSolution
		Debug|Any CPU = Debug|Any CPU
		Release|Any CPU = Release|Any CPU
	EndGlobalSection
	GlobalSection(ProjectConfigurationPlatforms) = postSolution
		{D464E09E-0F18-4E2C-97F8-F8CBADDAE9E8}.Debug|Any CPU.ActiveCfg = Debug|Any CPU
		{D464E09E-0F18-4E2C-97F8-F8CBADDAE9E8}.Debug|Any CPU.Build.0 = Debug|Any CPU
		{D464E09E-0F18-4E2C-97F8-F8CBADDAE9E8}.Release|Any CPU.ActiveCfg = Release|Any CPU
		{D464E09E-0F18-4E2C-97F8-F8CBADDAE9E8}.Release|Any CPU.Build.0 = Release|Any CPU
	EndGlobalSection
	GlobalSection(SolutionProperties) = preSolution
		HideSolutionNode = FALSE
	EndGlobalSection
	GlobalSection(ExtensibilityGlobals) = postSolution
		SolutionGuid = {3D1B453D-831D-4E05-B07C-F03DD864F517}
	EndGlobalSection
EndGlobal
